
Microsoft Visual Studio Solution File, Format Version 12.00
# Visual Studio Version 16
VisualStudioVersion = 16.0.31112.23
MinimumVisualStudioVersion = 10.0.40219.1
Project("{FAE04EC0-301F-11D3-BF4B-00C04F79EFBC}") = "WebAdvert.SearchApi", "WebAdvert.SearchApi\WebAdvert.SearchApi.csproj", "{EE0FA34A-FFED-4EA3-A0A4-4BDEB128C539}"
EndProject
Global
	GlobalSection(SolutionConfigurationPlatforms) = preSolution
		Debug|Any CPU = Debug|Any CPU
		Release|Any CPU = Release|Any CPU
	EndGlobalSection
	GlobalSection(ProjectConfigurationPlatforms) = postSolution
		{EE0FA34A-FFED-4EA3-A0A4-4BDEB128C539}.Debug|Any CPU.ActiveCfg = Debug|Any CPU
		{EE0FA34A-FFED-4EA3-A0A4-4BDEB128C539}.Debug|Any CPU.Build.0 = Debug|Any CPU
		{EE0FA34A-FFED-4EA3-A0A4-4BDEB128C539}.Release|Any CPU.ActiveCfg = Release|Any CPU
		{EE0FA34A-FFED-4EA3-A0A4-4BDEB128C539}.Release|Any CPU.Build.0 = Release|Any CPU
	EndGlobalSection
	GlobalSection(SolutionProperties) = preSolution
		HideSolutionNode = FALSE
	EndGlobalSection
	GlobalSection(ExtensibilityGlobals) = postSolution
		SolutionGuid = {8DE4646D-C646-4139-9DCB-EEDFCA864DF0}
	EndGlobalSection
EndGlobal
